
Microsoft Visual Studio Solution File, Format Version 12.00
# Visual Studio Version 16
VisualStudioVersion = 16.0.31402.337
MinimumVisualStudioVersion = 10.0.40219.1
Project("{FAE04EC0-301F-11D3-BF4B-00C04F79EFBC}") = "cooltfwchubgames.com", "cooltfwchubgames.com.csproj", "{D5F90683-0B56-4D0F-9CD9-F96E05208825}"
EndProject
Global
	GlobalSection(SolutionConfigurationPlatforms) = preSolution
		Debug|Any CPU = Debug|Any CPU
		Release|Any CPU = Release|Any CPU
	EndGlobalSection
	GlobalSection(ProjectConfigurationPlatforms) = postSolution
		{D5F90683-0B56-4D0F-9CD9-F96E05208825}.Debug|Any CPU.ActiveCfg = Debug|Any CPU
		{D5F90683-0B56-4D0F-9CD9-F96E05208825}.Debug|Any CPU.Build.0 = Debug|Any CPU
		{D5F90683-0B56-4D0F-9CD9-F96E05208825}.Release|Any CPU.ActiveCfg = Release|Any CPU
		{D5F90683-0B56-4D0F-9CD9-F96E05208825}.Release|Any CPU.Build.0 = Release|Any CPU
	EndGlobalSection
	GlobalSection(SolutionProperties) = preSolution
		HideSolutionNode = FALSE
	EndGlobalSection
	GlobalSection(ExtensibilityGlobals) = postSolution
		SolutionGuid = {D23ADF64-B6CF-4C36-9CF5-2D92DBE26C8C}
	EndGlobalSection
EndGlobal
